
Microsoft Visual Studio Solution File, Format Version 12.00
# Visual Studio Version 17
VisualStudioVersion = 17.9.34310.174
MinimumVisualStudioVersion = 10.0.40219.1
Project("{FAE04EC0-301F-11D3-BF4B-00C04F79EFBC}") = "DotNet8AzureADB2C", "DotNet8AzureADB2C\DotNet8AzureADB2C.csproj", "{C018A51B-3470-46E1-AC5B-1A09AC6C7323}"
EndProject
Global
	GlobalSection(SolutionConfigurationPlatforms) = preSolution
		Debug|Any CPU = Debug|Any CPU
		Release|Any CPU = Release|Any CPU
	EndGlobalSection
	GlobalSection(ProjectConfigurationPlatforms) = postSolution
		{C018A51B-3470-46E1-AC5B-1A09AC6C7323}.Debug|Any CPU.ActiveCfg = Debug|Any CPU
		{C018A51B-3470-46E1-AC5B-1A09AC6C7323}.Debug|Any CPU.Build.0 = Debug|Any CPU
		{C018A51B-3470-46E1-AC5B-1A09AC6C7323}.Release|Any CPU.ActiveCfg = Release|Any CPU
		{C018A51B-3470-46E1-AC5B-1A09AC6C7323}.Release|Any CPU.Build.0 = Release|Any CPU
	EndGlobalSection
	GlobalSection(SolutionProperties) = preSolution
		HideSolutionNode = FALSE
	EndGlobalSection
	GlobalSection(ExtensibilityGlobals) = postSolution
		SolutionGuid = {992ECC19-39E9-4D83-B0B5-650D6E23566A}
	EndGlobalSection
EndGlobal
